
Microsoft Visual Studio Solution File, Format Version 12.00
# Visual Studio Version 17
VisualStudioVersion = 17.4.33205.214
MinimumVisualStudioVersion = 10.0.40219.1
Project("{888888A0-9F3D-457C-B088-3A5042F75D52}") = "ARKADI", "ARKADI.pyproj", "{C7E638AB-163A-4575-ABC5-0F103C894992}"
EndProject
Global
	GlobalSection(SolutionConfigurationPlatforms) = preSolution
		Debug|Any CPU = Debug|Any CPU
		Release|Any CPU = Release|Any CPU
	EndGlobalSection
	GlobalSection(ProjectConfigurationPlatforms) = postSolution
		{C7E638AB-163A-4575-ABC5-0F103C894992}.Debug|Any CPU.ActiveCfg = Debug|Any CPU
		{C7E638AB-163A-4575-ABC5-0F103C894992}.Release|Any CPU.ActiveCfg = Release|Any CPU
	EndGlobalSection
	GlobalSection(SolutionProperties) = preSolution
		HideSolutionNode = FALSE
	EndGlobalSection
	GlobalSection(ExtensibilityGlobals) = postSolution
		SolutionGuid = {FD382D51-CA7B-4CE5-90BD-9F215E42F37C}
	EndGlobalSection
EndGlobal
